
Microsoft Visual Studio Solution File, Format Version 12.00
# Visual Studio 15
VisualStudioVersion = 15.0.28307.572
MinimumVisualStudioVersion = 10.0.40219.1
Project("{9A19103F-16F7-4668-BE54-9A1E7A4F7556}") = "ArtAuction", "ArtAuction.csproj", "{C0F3CFAF-E908-476B-AEA6-80DF8A4276BD}"
EndProject
Global
	GlobalSection(SolutionConfigurationPlatforms) = preSolution
		Debug|Any CPU = Debug|Any CPU
		Release|Any CPU = Release|Any CPU
	EndGlobalSection
	GlobalSection(ProjectConfigurationPlatforms) = postSolution
		{C0F3CFAF-E908-476B-AEA6-80DF8A4276BD}.Debug|Any CPU.ActiveCfg = Debug|Any CPU
		{C0F3CFAF-E908-476B-AEA6-80DF8A4276BD}.Debug|Any CPU.Build.0 = Debug|Any CPU
		{C0F3CFAF-E908-476B-AEA6-80DF8A4276BD}.Release|Any CPU.ActiveCfg = Release|Any CPU
		{C0F3CFAF-E908-476B-AEA6-80DF8A4276BD}.Release|Any CPU.Build.0 = Release|Any CPU
	EndGlobalSection
	GlobalSection(SolutionProperties) = preSolution
		HideSolutionNode = FALSE
	EndGlobalSection
	GlobalSection(ExtensibilityGlobals) = postSolution
		SolutionGuid = {FD1BC6CB-116F-4C4A-B9C1-D5B9CB750928}
	EndGlobalSection
EndGlobal
